// !$*UTF8*$!
{
	archiveVersion = 1;
	classes = {
	};
	objectVersion = 51;
	objects = {

/* Begin PBXBuildFile section */
		463C624625EAE16500949E03 /* MovieDetailsViewController.swift in Sources */ = {isa = PBXBuildFile; fileRef = 463C624525EAE16500949E03 /* MovieDetailsViewController.swift */; };
		463C625E25EAF7CB00949E03 /* MovieGridViewController.swift in Sources */ = {isa = PBXBuildFile; fileRef = 463C625D25EAF7CB00949E03 /* MovieGridViewController.swift */; };
		463C626325EAF98F00949E03 /* MovieGridCell.swift in Sources */ = {isa = PBXBuildFile; fileRef = 463C626225EAF98F00949E03 /* MovieGridCell.swift */; };
		4D7C568C49E999283ABD5807 /* Pods_flix_flixUITests.framework in Frameworks */ = {isa = PBXBuildFile; fileRef = 597D71B29E898C1B826BF73F /* Pods_flix_flixUITests.framework */; };
		995C2204F39C5F33B19C3B35 /* Pods_flixTests.framework in Frameworks */ = {isa = PBXBuildFile; fileRef = 412E547CDA2CD6EEDC00D630 /* Pods_flixTests.framework */; };
		A179E4E03FBD4AA87A8059B3 /* Pods_flix.framework in Frameworks */ = {isa = PBXBuildFile; fileRef = 151A9AEC03D26A9FC43A58C2 /* Pods_flix.framework */; };
		C6968A9125E19398004D24D5 /* AppDelegate.swift in Sources */ = {isa = PBXBuildFile; fileRef = C6968A9025E19398004D24D5 /* AppDelegate.swift */; };
		C6968A9325E19398004D24D5 /* SceneDelegate.swift in Sources */ = {isa = PBXBuildFile; fileRef = C6968A9225E19398004D24D5 /* SceneDelegate.swift */; };
		C6968A9825E19398004D24D5 /* Main.storyboard in Resources */ = {isa = PBXBuildFile; fileRef = C6968A9625E19398004D24D5 /* Main.storyboard */; };
		C6968A9A25E1939B004D24D5 /* Assets.xcassets in Resources */ = {isa = PBXBuildFile; fileRef = C6968A9925E1939B004D24D5 /* Assets.xcassets */; };
		C6968A9D25E1939B004D24D5 /* LaunchScreen.storyboard in Resources */ = {isa = PBXBuildFile; fileRef = C6968A9B25E1939B004D24D5 /* LaunchScreen.storyboard */; };
		C6968AA825E1939B004D24D5 /* flixTests.swift in Sources */ = {isa = PBXBuildFile; fileRef = C6968AA725E1939B004D24D5 /* flixTests.swift */; };
		C6968AB325E1939B004D24D5 /* flixUITests.swift in Sources */ = {isa = PBXBuildFile; fileRef = C6968AB225E1939B004D24D5 /* flixUITests.swift */; };
		C6968AC725E19A4F004D24D5 /* MovieViewController.swift in Sources */ = {isa = PBXBuildFile; fileRef = C6968AC625E19A4F004D24D5 /* MovieViewController.swift */; };
		C6968ACF25E1A500004D24D5 /* MovieCell.swift in Sources */ = {isa = PBXBuildFile; fileRef = C6968ACE25E1A500004D24D5 /* MovieCell.swift */; };
/* End PBXBuildFile section */

/* Begin PBXContainerItemProxy section */
		C6968AA425E1939B004D24D5 /* PBXContainerItemProxy */ = {
			isa = PBXContainerItemProxy;
			containerPortal = C6968A8525E19398004D24D5 /* Project object */;
			proxyType = 1;
			remoteGlobalIDString = C6968A8C25E19398004D24D5;
			remoteInfo = flix;
		};
		C6968AAF25E1939B004D24D5 /* PBXContainerItemProxy */ = {
			isa = PBXContainerItemProxy;
			containerPortal = C6968A8525E19398004D24D5 /* Project object */;
			proxyType = 1;
			remoteGlobalIDString = C6968A8C25E19398004D24D5;
			remoteInfo = flix;
		};
/* End PBXContainerItemProxy section */

/* Begin PBXFileReference section */
		03CC976B931CE6D5BCDCAAA6 /* Pods-flix-flixUITests.debug.xcconfig */ = {isa = PBXFileReference; includeInIndex = 1; lastKnownFileType = text.xcconfig; name = "Pods-flix-flixUITests.debug.xcconfig"; path = "Target Support Files/Pods-flix-flixUITests/Pods-flix-flixUITests.debug.xcconfig"; sourceTree = "<group>"; };
		12577B5F78F4ED71666BD963 /* Pods-flix-flixUITests.release.xcconfig */ = {isa = PBXFileReference; includeInIndex = 1; lastKnownFileType = text.xcconfig; name = "Pods-flix-flixUITests.release.xcconfig"; path = "Target Support Files/Pods-flix-flixUITests/Pods-flix-flixUITests.release.xcconfig"; sourceTree = "<group>"; };
		151A9AEC03D26A9FC43A58C2 /* Pods_flix.framework */ = {isa = PBXFileReference; explicitFileType = wrapper.framework; includeInIndex = 0; path = Pods_flix.framework; sourceTree = BUILT_PRODUCTS_DIR; };
		33D01F01E195232578A538C8 /* Pods-flix.release.xcconfig */ = {isa = PBXFileReference; includeInIndex = 1; lastKnownFileType = text.xcconfig; name = "Pods-flix.release.xcconfig"; path = "Target Support Files/Pods-flix/Pods-flix.release.xcconfig"; sourceTree = "<group>"; };
		412E547CDA2CD6EEDC00D630 /* Pods_flixTests.framework */ = {isa = PBXFileReference; explicitFileType = wrapper.framework; includeInIndex = 0; path = Pods_flixTests.framework; sourceTree = BUILT_PRODUCTS_DIR; };
		463C624525EAE16500949E03 /* MovieDetailsViewController.swift */ = {isa = PBXFileReference; lastKnownFileType = sourcecode.swift; path = MovieDetailsViewController.swift; sourceTree = "<group>"; };
		463C625D25EAF7CB00949E03 /* MovieGridViewController.swift */ = {isa = PBXFileReference; lastKnownFileType = sourcecode.swift; path = MovieGridViewController.swift; sourceTree = "<group>"; };
		463C626225EAF98F00949E03 /* MovieGridCell.swift */ = {isa = PBXFileReference; lastKnownFileType = sourcecode.swift; path = MovieGridCell.swift; sourceTree = "<group>"; };
		530FA6DBC461FF45F2A80B15 /* Pods-flix.debug.xcconfig */ = {isa = PBXFileReference; includeInIndex = 1; lastKnownFileType = text.xcconfig; name = "Pods-flix.debug.xcconfig"; path = "Target Support Files/Pods-flix/Pods-flix.debug.xcconfig"; sourceTree = "<group>"; };
		559C481BFDA0F1B9B01A12FB /* Pods-flixTests.release.xcconfig */ = {isa = PBXFileReference; includeInIndex = 1; lastKnownFileType = text.xcconfig; name = "Pods-flixTests.release.xcconfig"; path = "Target Support Files/Pods-flixTests/Pods-flixTests.release.xcconfig"; sourceTree = "<group>"; };
		597D71B29E898C1B826BF73F /* Pods_flix_flixUITests.framework */ = {isa = PBXFileReference; explicitFileType = wrapper.framework; includeInIndex = 0; path = Pods_flix_flixUITests.framework; sourceTree = BUILT_PRODUCTS_DIR; };
		89B3B3F3B57B1C3DD6E79B83 /* Pods-flixTests.debug.xcconfig */ = {isa = PBXFileReference; includeInIndex = 1; lastKnownFileType = text.xcconfig; name = "Pods-flixTests.debug.xcconfig"; path = "Target Support Files/Pods-flixTests/Pods-flixTests.debug.xcconfig"; sourceTree = "<group>"; };
		C6968A8D25E19398004D24D5 /* flix.app */ = {isa = PBXFileReference; explicitFileType = wrapper.application; includeInIndex = 0; path = flix.app; sourceTree = BUILT_PRODUCTS_DIR; };
		C6968A9025E19398004D24D5 /* AppDelegate.swift */ = {isa = PBXFileReference; lastKnownFileType = sourcecode.swift; path = AppDelegate.swift; sourceTree = "<group>"; };
		C6968A9225E19398004D24D5 /* SceneDelegate.swift */ = {isa = PBXFileReference; lastKnownFileType = sourcecode.swift; path = SceneDelegate.swift; sourceTree = "<group>"; };
		C6968A9725E19398004D24D5 /* Base */ = {isa = PBXFileReference; lastKnownFileType = file.storyboard; name = Base; path = Base.lproj/Main.storyboard; sourceTree = "<group>"; };
		C6968A9925E1939B004D24D5 /* Assets.xcassets */ = {isa = PBXFileReference; lastKnownFileType = folder.assetcatalog; path = Assets.xcassets; sourceTree = "<group>"; };
		C6968A9C25E1939B004D24D5 /* Base */ = {isa = PBXFileReference; lastKnownFileType = file.storyboard; name = Base; path = Base.lproj/LaunchScreen.storyboard; sourceTree = "<group>"; };
		C6968A9E25E1939B004D24D5 /* Info.plist */ = {isa = PBXFileReference; lastKnownFileType = text.plist.xml; path = Info.plist; sourceTree = "<group>"; };
		C6968AA325E1939B004D24D5 /* flixTests.xctest */ = {isa = PBXFileReference; explicitFileType = wrapper.cfbundle; includeInIndex = 0; path = flixTests.xctest; sourceTree = BUILT_PRODUCTS_DIR; };
		C6968AA725E1939B004D24D5 /* flixTests.swift */ = {isa = PBXFileReference; lastKnownFileType = sourcecode.swift; path = flixTests.swift; sourceTree = "<group>"; };
		C6968AA925E1939B004D24D5 /* Info.plist */ = {isa = PBXFileReference; lastKnownFileType = text.plist.xml; path = Info.plist; sourceTree = "<group>"; };
		C6968AAE25E1939B004D24D5 /* flixUITests.xctest */ = {isa = PBXFileReference; explicitFileType = wrapper.cfbundle; includeInIndex = 0; path = flixUITests.xctest; sourceTree = BUILT_PRODUCTS_DIR; };
		C6968AB225E1939B004D24D5 /* flixUITests.swift */ = {isa = PBXFileReference; lastKnownFileType = sourcecode.swift; path = flixUITests.swift; sourceTree = "<group>"; };
		C6968AB425E1939B004D24D5 /* Info.plist */ = {isa = PBXFileReference; lastKnownFileType = text.plist.xml; path = Info.plist; sourceTree = "<group>"; };
		C6968AC625E19A4F004D24D5 /* MovieViewController.swift */ = {isa = PBXFileReference; lastKnownFileType = sourcecode.swift; path = MovieViewController.swift; sourceTree = "<group>"; };
		C6968ACE25E1A500004D24D5 /* MovieCell.swift */ = {isa = PBXFileReference; lastKnownFileType = sourcecode.swift; path = MovieCell.swift; sourceTree = "<group>"; };
/* End PBXFileReference section */

/* Begin PBXFrameworksBuildPhase section */
		C6968A8A25E19398004D24D5 /* Frameworks */ = {
			isa = PBXFrameworksBuildPhase;
			buildActionMask = 2147483647;
			files = (
				A179E4E03FBD4AA87A8059B3 /* Pods_flix.framework in Frameworks */,
			);
			runOnlyForDeploymentPostprocessing = 0;
		};
		C6968AA025E1939B004D24D5 /* Frameworks */ = {
			isa = PBXFrameworksBuildPhase;
			buildActionMask = 2147483647;
			files = (
				995C2204F39C5F33B19C3B35 /* Pods_flixTests.framework in Frameworks */,
			);
			runOnlyForDeploymentPostprocessing = 0;
		};
		C6968AAB25E1939B004D24D5 /* Frameworks */ = {
			isa = PBXFrameworksBuildPhase;
			buildActionMask = 2147483647;
			files = (
				4D7C568C49E999283ABD5807 /* Pods_flix_flixUITests.framework in Frameworks */,
			);
			runOnlyForDeploymentPostprocessing = 0;
		};
/* End PBXFrameworksBuildPhase section */

/* Begin PBXGroup section */
		C2354A819CD3493570EC70F0 /* Pods */ = {
			isa = PBXGroup;
			children = (
				530FA6DBC461FF45F2A80B15 /* Pods-flix.debug.xcconfig */,
				33D01F01E195232578A538C8 /* Pods-flix.release.xcconfig */,
				03CC976B931CE6D5BCDCAAA6 /* Pods-flix-flixUITests.debug.xcconfig */,
				12577B5F78F4ED71666BD963 /* Pods-flix-flixUITests.release.xcconfig */,
				89B3B3F3B57B1C3DD6E79B83 /* Pods-flixTests.debug.xcconfig */,
				559C481BFDA0F1B9B01A12FB /* Pods-flixTests.release.xcconfig */,
			);
			path = Pods;
			sourceTree = "<group>";
		};
		C6968A8425E19398004D24D5 = {
			isa = PBXGroup;
			children = (
				C6968A8F25E19398004D24D5 /* flix */,
				C6968AA625E1939B004D24D5 /* flixTests */,
				C6968AB125E1939B004D24D5 /* flixUITests */,
				C6968A8E25E19398004D24D5 /* Products */,
				C2354A819CD3493570EC70F0 /* Pods */,
				E4E48DA3D849FE2DCAAD65E9 /* Frameworks */,
			);
			sourceTree = "<group>";
		};
		C6968A8E25E19398004D24D5 /* Products */ = {
			isa = PBXGroup;
			children = (
				C6968A8D25E19398004D24D5 /* flix.app */,
				C6968AA325E1939B004D24D5 /* flixTests.xctest */,
				C6968AAE25E1939B004D24D5 /* flixUITests.xctest */,
			);
			name = Products;
			sourceTree = "<group>";
		};
		C6968A8F25E19398004D24D5 /* flix */ = {
			isa = PBXGroup;
			children = (
				C6968A9025E19398004D24D5 /* AppDelegate.swift */,
				C6968A9225E19398004D24D5 /* SceneDelegate.swift */,
				C6968A9625E19398004D24D5 /* Main.storyboard */,
				C6968A9925E1939B004D24D5 /* Assets.xcassets */,
				C6968A9B25E1939B004D24D5 /* LaunchScreen.storyboard */,
				C6968A9E25E1939B004D24D5 /* Info.plist */,
				C6968ACE25E1A500004D24D5 /* MovieCell.swift */,
				C6968AC625E19A4F004D24D5 /* MovieViewController.swift */,
				463C624525EAE16500949E03 /* MovieDetailsViewController.swift */,
				463C625D25EAF7CB00949E03 /* MovieGridViewController.swift */,
				463C626225EAF98F00949E03 /* MovieGridCell.swift */,
			);
			path = flix;
			sourceTree = "<group>";
		};
		C6968AA625E1939B004D24D5 /* flixTests */ = {
			isa = PBXGroup;
			children = (
				C6968AA725E1939B004D24D5 /* flixTests.swift */,
				C6968AA925E1939B004D24D5 /* Info.plist */,
			);
			path = flixTests;
			sourceTree = "<group>";
		};
		C6968AB125E1939B004D24D5 /* flixUITests */ = {
			isa = PBXGroup;
			children = (
				C6968AB225E1939B004D24D5 /* flixUITests.swift */,
				C6968AB425E1939B004D24D5 /* Info.plist */,
			);
			path = flixUITests;
			sourceTree = "<group>";
		};
		E4E48DA3D849FE2DCAAD65E9 /* Frameworks */ = {
			isa = PBXGroup;
			children = (
				151A9AEC03D26A9FC43A58C2 /* Pods_flix.framework */,
				597D71B29E898C1B826BF73F /* Pods_flix_flixUITests.framework */,
				412E547CDA2CD6EEDC00D630 /* Pods_flixTests.framework */,
			);
			name = Frameworks;
			sourceTree = "<group>";
		};
/* End PBXGroup section */

/* Begin PBXNativeTarget section */
		C6968A8C25E19398004D24D5 /* flix */ = {
			isa = PBXNativeTarget;
			buildConfigurationList = C6968AB725E1939B004D24D5 /* Build configuration list for PBXNativeTarget "flix" */;
			buildPhases = (
				0B28BEFC269A97FCC965F72E /* [CP] Check Pods Manifest.lock */,
				C6968A8925E19398004D24D5 /* Sources */,
				C6968A8A25E19398004D24D5 /* Frameworks */,
				C6968A8B25E19398004D24D5 /* Resources */,
				63720C603863B498F164F296 /* [CP] Embed Pods Frameworks */,
			);
			buildRules = (
			);
			dependencies = (
			);
			name = flix;
			productName = flix;
			productReference = C6968A8D25E19398004D24D5 /* flix.app */;
			productType = "com.apple.product-type.application";
		};
		C6968AA225E1939B004D24D5 /* flixTests */ = {
			isa = PBXNativeTarget;
			buildConfigurationList = C6968ABA25E1939B004D24D5 /* Build configuration list for PBXNativeTarget "flixTests" */;
			buildPhases = (
				62B3784E23D99DBDBF847F84 /* [CP] Check Pods Manifest.lock */,
				C6968A9F25E1939B004D24D5 /* Sources */,
				C6968AA025E1939B004D24D5 /* Frameworks */,
				C6968AA125E1939B004D24D5 /* Resources */,
			);
			buildRules = (
			);
			dependencies = (
				C6968AA525E1939B004D24D5 /* PBXTargetDependency */,
			);
			name = flixTests;
			productName = flixTests;
			productReference = C6968AA325E1939B004D24D5 /* flixTests.xctest */;
			productType = "com.apple.product-type.bundle.unit-test";
		};
		C6968AAD25E1939B004D24D5 /* flixUITests */ = {
			isa = PBXNativeTarget;
			buildConfigurationList = C6968ABD25E1939B004D24D5 /* Build configuration list for PBXNativeTarget "flixUITests" */;
			buildPhases = (
				40740FA448B3D96AE1FFBC66 /* [CP] Check Pods Manifest.lock */,
				C6968AAA25E1939B004D24D5 /* Sources */,
				C6968AAB25E1939B004D24D5 /* Frameworks */,
				C6968AAC25E1939B004D24D5 /* Resources */,
				AE8E1B3F90797F3AC43AE396 /* [CP] Embed Pods Frameworks */,
			);
			buildRules = (
			);
			dependencies = (
				C6968AB025E1939B004D24D5 /* PBXTargetDependency */,
			);
			name = flixUITests;
			productName = flixUITests;
			productReference = C6968AAE25E1939B004D24D5 /* flixUITests.xctest */;
			productType = "com.apple.product-type.bundle.ui-testing";
		};
/* End PBXNativeTarget section */

/* Begin PBXProject section */
		C6968A8525E19398004D24D5 /* Project object */ = {
			isa = PBXProject;
			attributes = {
				LastSwiftUpdateCheck = 1210;
				LastUpgradeCheck = 1210;
				TargetAttributes = {
					C6968A8C25E19398004D24D5 = {
						CreatedOnToolsVersion = 12.1;
					};
					C6968AA225E1939B004D24D5 = {
						CreatedOnToolsVersion = 12.1;
						TestTargetID = C6968A8C25E19398004D24D5;
					};
					C6968AAD25E1939B004D24D5 = {
						CreatedOnToolsVersion = 12.1;
						TestTargetID = C6968A8C25E19398004D24D5;
					};
				};
			};
			buildConfigurationList = C6968A8825E19398004D24D5 /* Build configuration list for PBXProject "flix" */;
			compatibilityVersion = "Xcode 9.3";
			developmentRegion = en;
			hasScannedForEncodings = 0;
			knownRegions = (
				en,
				Base,
			);
			mainGroup = C6968A8425E19398004D24D5;
			productRefGroup = C6968A8E25E19398004D24D5 /* Products */;
			projectDirPath = "";
			projectRoot = "";
			targets = (
				C6968A8C25E19398004D24D5 /* flix */,
				C6968AA225E1939B004D24D5 /* flixTests */,
				C6968AAD25E1939B004D24D5 /* flixUITests */,
			);
		};
/* End PBXProject section */

/* Begin PBXResourcesBuildPhase section */
		C6968A8B25E19398004D24D5 /* Resources */ = {
			isa = PBXResourcesBuildPhase;
			buildActionMask = 2147483647;
			files = (
				C6968A9D25E1939B004D24D5 /* LaunchScreen.storyboard in Resources */,
				C6968A9A25E1939B004D24D5 /* Assets.xcassets in Resources */,
				C6968A9825E19398004D24D5 /* Main.storyboard in Resources */,
			);
			runOnlyForDeploymentPostprocessing = 0;
		};
		C6968AA125E1939B004D24D5 /* Resources */ = {
			isa = PBXResourcesBuildPhase;
			buildActionMask = 2147483647;
			files = (
			);
			runOnlyForDeploymentPostprocessing = 0;
		};
		C6968AAC25E1939B004D24D5 /* Resources */ = {
			isa = PBXResourcesBuildPhase;
			buildActionMask = 2147483647;
			files = (
			);
			runOnlyForDeploymentPostprocessing = 0;
		};
/* End PBXResourcesBuildPhase section */

/* Begin PBXShellScriptBuildPhase section */
		0B28BEFC269A97FCC965F72E /* [CP] Check Pods Manifest.lock */ = {
			isa = PBXShellScriptBuildPhase;
			buildActionMask = 2147483647;
			files = (
			);
			inputFileListPaths = (
			);
			inputPaths = (
				"${PODS_PODFILE_DIR_PATH}/Podfile.lock",
				"${PODS_ROOT}/Manifest.lock",
			);
			name = "[CP] Check Pods Manifest.lock";
			outputFileListPaths = (
			);
			outputPaths = (
				"$(DERIVED_FILE_DIR)/Pods-flix-checkManifestLockResult.txt",
			);
			runOnlyForDeploymentPostprocessing = 0;
			shellPath = /bin/sh;
			shellScript = "diff \"${PODS_PODFILE_DIR_PATH}/Podfile.lock\" \"${PODS_ROOT}/Manifest.lock\" > /dev/null\nif [ $? != 0 ] ; then\n    # print error to STDERR\n    echo \"error: The sandbox is not in sync with the Podfile.lock. Run 'pod install' or update your CocoaPods installation.\" >&2\n    exit 1\nfi\n# This output is used by Xcode 'outputs' to avoid re-running this script phase.\necho \"SUCCESS\" > \"${SCRIPT_OUTPUT_FILE_0}\"\n";
			showEnvVarsInLog = 0;
		};
		40740FA448B3D96AE1FFBC66 /* [CP] Check Pods Manifest.lock */ = {
			isa = PBXShellScriptBuildPhase;
			buildActionMask = 2147483647;
			files = (
			);
			inputFileListPaths = (
			);
			inputPaths = (
				"${PODS_PODFILE_DIR_PATH}/Podfile.lock",
				"${PODS_ROOT}/Manifest.lock",
			);
			name = "[CP] Check Pods Manifest.lock";
			outputFileListPaths = (
			);
			outputPaths = (
				"$(DERIVED_FILE_DIR)/Pods-flix-flixUITests-checkManifestLockResult.txt",
			);
			runOnlyForDeploymentPostprocessing = 0;
			shellPath = /bin/sh;
			shellScript = "diff \"${PODS_PODFILE_DIR_PATH}/Podfile.lock\" \"${PODS_ROOT}/Manifest.lock\" > /dev/null\nif [ $? != 0 ] ; then\n    # print error to STDERR\n    echo \"error: The sandbox is not in sync with the Podfile.lock. Run 'pod install' or update your CocoaPods installation.\" >&2\n    exit 1\nfi\n# This output is used by Xcode 'outputs' to avoid re-running this script phase.\necho \"SUCCESS\" > \"${SCRIPT_OUTPUT_FILE_0}\"\n";
			showEnvVarsInLog = 0;
		};
		62B3784E23D99DBDBF847F84 /* [CP] Check Pods Manifest.lock */ = {
			isa = PBXShellScriptBuildPhase;
			buildActionMask = 2147483647;
			files = (
			);
			inputFileListPaths = (
			);
			inputPaths = (
				"${PODS_PODFILE_DIR_PATH}/Podfile.lock",
				"${PODS_ROOT}/Manifest.lock",
			);
			name = "[CP] Check Pods Manifest.lock";
			outputFileListPaths = (
			);
			outputPaths = (
				"$(DERIVED_FILE_DIR)/Pods-flixTests-checkManifestLockResult.txt",
			);
			runOnlyForDeploymentPostprocessing = 0;
			shellPath = /bin/sh;
			shellScript = "diff \"${PODS_PODFILE_DIR_PATH}/Podfile.lock\" \"${PODS_ROOT}/Manifest.lock\" > /dev/null\nif [ $? != 0 ] ; then\n    # print error to STDERR\n    echo \"error: The sandbox is not in sync with the Podfile.lock. Run 'pod install' or update your CocoaPods installation.\" >&2\n    exit 1\nfi\n# This output is used by Xcode 'outputs' to avoid re-running this script phase.\necho \"SUCCESS\" > \"${SCRIPT_OUTPUT_FILE_0}\"\n";
			showEnvVarsInLog = 0;
		};
		63720C603863B498F164F296 /* [CP] Embed Pods Frameworks */ = {
			isa = PBXShellScriptBuildPhase;
			buildActionMask = 2147483647;
			files = (
			);
			inputFileListPaths = (
				"${PODS_ROOT}/Target Support Files/Pods-flix/Pods-flix-frameworks-${CONFIGURATION}-input-files.xcfilelist",
			);
			name = "[CP] Embed Pods Frameworks";
			outputFileListPaths = (
				"${PODS_ROOT}/Target Support Files/Pods-flix/Pods-flix-frameworks-${CONFIGURATION}-output-files.xcfilelist",
			);
			runOnlyForDeploymentPostprocessing = 0;
			shellPath = /bin/sh;
			shellScript = "\"${PODS_ROOT}/Target Support Files/Pods-flix/Pods-flix-frameworks.sh\"\n";
			showEnvVarsInLog = 0;
		};
		AE8E1B3F90797F3AC43AE396 /* [CP] Embed Pods Frameworks */ = {
			isa = PBXShellScriptBuildPhase;
			buildActionMask = 2147483647;
			files = (
			);
			inputFileListPaths = (
				"${PODS_ROOT}/Target Support Files/Pods-flix-flixUITests/Pods-flix-flixUITests-frameworks-${CONFIGURATION}-input-files.xcfilelist",
			);
			name = "[CP] Embed Pods Frameworks";
			outputFileListPaths = (
				"${PODS_ROOT}/Target Support Files/Pods-flix-flixUITests/Pods-flix-flixUITests-frameworks-${CONFIGURATION}-output-files.xcfilelist",
			);
			runOnlyForDeploymentPostprocessing = 0;
			shellPath = /bin/sh;
			shellScript = "\"${PODS_ROOT}/Target Support Files/Pods-flix-flixUITests/Pods-flix-flixUITests-frameworks.sh\"\n";
			showEnvVarsInLog = 0;
		};
/* End PBXShellScriptBuildPhase section */

/* Begin PBXSourcesBuildPhase section */
		C6968A8925E19398004D24D5 /* Sources */ = {
			isa = PBXSourcesBuildPhase;
			buildActionMask = 2147483647;
			files = (
				463C624625EAE16500949E03 /* MovieDetailsViewController.swift in Sources */,
				C6968A9125E19398004D24D5 /* AppDelegate.swift in Sources */,
				C6968A9325E19398004D24D5 /* SceneDelegate.swift in Sources */,
				C6968ACF25E1A500004D24D5 /* MovieCell.swift in Sources */,
				C6968AC725E19A4F004D24D5 /* MovieViewController.swift in Sources */,
				463C625E25EAF7CB00949E03 /* MovieGridViewController.swift in Sources */,
				463C626325EAF98F00949E03 /* MovieGridCell.swift in Sources */,
			);
			runOnlyForDeploymentPostprocessing = 0;
		};
		C6968A9F25E1939B004D24D5 /* Sources */ = {
			isa = PBXSourcesBuildPhase;
			buildActionMask = 2147483647;
			files = (
				C6968AA825E1939B004D24D5 /* flixTests.swift in Sources */,
			);
			runOnlyForDeploymentPostprocessing = 0;
		};
		C6968AAA25E1939B004D24D5 /* Sources */ = {
			isa = PBXSourcesBuildPhase;
			buildActionMask = 2147483647;
			files = (
				C6968AB325E1939B004D24D5 /* flixUITests.swift in Sources */,
			);
			runOnlyForDeploymentPostprocessing = 0;
		};
/* End PBXSourcesBuildPhase section */

/* Begin PBXTargetDependency section */
		C6968AA525E1939B004D24D5 /* PBXTargetDependency */ = {
			isa = PBXTargetDependency;
			target = C6968A8C25E19398004D24D5 /* flix */;
			targetProxy = C6968AA425E1939B004D24D5 /* PBXContainerItemProxy */;
		};
		C6968AB025E1939B004D24D5 /* PBXTargetDependency */ = {
			isa = PBXTargetDependency;
			target = C6968A8C25E19398004D24D5 /* flix */;
			targetProxy = C6968AAF25E1939B004D24D5 /* PBXContainerItemProxy */;
		};
/* End PBXTargetDependency section */

/* Begin PBXVariantGroup section */
		C6968A9625E19398004D24D5 /* Main.storyboard */ = {
			isa = PBXVariantGroup;
			children = (
				C6968A9725E19398004D24D5 /* Base */,
			);
			name = Main.storyboard;
			sourceTree = "<group>";
		};
		C6968A9B25E1939B004D24D5 /* LaunchScreen.storyboard */ = {
			isa = PBXVariantGroup;
			children = (
				C6968A9C25E1939B004D24D5 /* Base */,
			);
			name = LaunchScreen.storyboard;
			sourceTree = "<group>";
		};
/* End PBXVariantGroup section */

/* Begin XCBuildConfiguration section */
		C6968AB525E1939B004D24D5 /* Debug */ = {
			isa = XCBuildConfiguration;
			buildSettings = {
				ALWAYS_SEARCH_USER_PATHS = NO;
				CLANG_ANALYZER_NONNULL = YES;
				CLANG_ANALYZER_NUMBER_OBJECT_CONVERSION = YES_AGGRESSIVE;
				CLANG_CXX_LANGUAGE_STANDARD = "gnu++14";
				CLANG_CXX_LIBRARY = "libc++";
				CLANG_ENABLE_MODULES = YES;
				CLANG_ENABLE_OBJC_ARC = YES;
				CLANG_ENABLE_OBJC_WEAK = YES;
				CLANG_WARN_BLOCK_CAPTURE_AUTORELEASING = YES;
				CLANG_WARN_BOOL_CONVERSION = YES;
				CLANG_WARN_COMMA = YES;
				CLANG_WARN_CONSTANT_CONVERSION = YES;
				CLANG_WARN_DEPRECATED_OBJC_IMPLEMENTATIONS = YES;
				CLANG_WARN_DIRECT_OBJC_ISA_USAGE = YES_ERROR;
				CLANG_WARN_DOCUMENTATION_COMMENTS = YES;
				CLANG_WARN_EMPTY_BODY = YES;
				CLANG_WARN_ENUM_CONVERSION = YES;
				CLANG_WARN_INFINITE_RECURSION = YES;
				CLANG_WARN_INT_CONVERSION = YES;
				CLANG_WARN_NON_LITERAL_NULL_CONVERSION = YES;
				CLANG_WARN_OBJC_IMPLICIT_RETAIN_SELF = YES;
				CLANG_WARN_OBJC_LITERAL_CONVERSION = YES;
				CLANG_WARN_OBJC_ROOT_CLASS = YES_ERROR;
				CLANG_WARN_QUOTED_INCLUDE_IN_FRAMEWORK_HEADER = YES;
				CLANG_WARN_RANGE_LOOP_ANALYSIS = YES;
				CLANG_WARN_STRICT_PROTOTYPES = YES;
				CLANG_WARN_SUSPICIOUS_MOVE = YES;
				CLANG_WARN_UNGUARDED_AVAILABILITY = YES_AGGRESSIVE;
				CLANG_WARN_UNREACHABLE_CODE = YES;
				CLANG_WARN__DUPLICATE_METHOD_MATCH = YES;
				COPY_PHASE_STRIP = NO;
				DEBUG_INFORMATION_FORMAT = dwarf;
				ENABLE_STRICT_OBJC_MSGSEND = YES;
				ENABLE_TESTABILITY = YES;
				GCC_C_LANGUAGE_STANDARD = gnu11;
				GCC_DYNAMIC_NO_PIC = NO;
				GCC_NO_COMMON_BLOCKS = YES;
				GCC_OPTIMIZATION_LEVEL = 0;
				GCC_PREPROCESSOR_DEFINITIONS = (
					"DEBUG=1",
					"$(inherited)",
				);
				GCC_WARN_64_TO_32_BIT_CONVERSION = YES;
				GCC_WARN_ABOUT_RETURN_TYPE = YES_ERROR;
				GCC_WARN_UNDECLARED_SELECTOR = YES;
				GCC_WARN_UNINITIALIZED_AUTOS = YES_AGGRESSIVE;
				GCC_WARN_UNUSED_FUNCTION = YES;
				GCC_WARN_UNUSED_VARIABLE = YES;
				IPHONEOS_DEPLOYMENT_TARGET = 14.1;
				MTL_ENABLE_DEBUG_INFO = INCLUDE_SOURCE;
				MTL_FAST_MATH = YES;
				ONLY_ACTIVE_ARCH = YES;
				SDKROOT = iphoneos;
				SWIFT_ACTIVE_COMPILATION_CONDITIONS = DEBUG;
				SWIFT_OPTIMIZATION_LEVEL = "-Onone";
			};
			name = Debug;
		};
		C6968AB625E1939B004D24D5 /* Release */ = {
			isa = XCBuildConfiguration;
			buildSettings = {
				ALWAYS_SEARCH_USER_PATHS = NO;
				CLANG_ANALYZER_NONNULL = YES;
				CLANG_ANALYZER_NUMBER_OBJECT_CONVERSION = YES_AGGRESSIVE;
				CLANG_CXX_LANGUAGE_STANDARD = "gnu++14";
				CLANG_CXX_LIBRARY = "libc++";
				CLANG_ENABLE_MODULES = YES;
				CLANG_ENABLE_OBJC_ARC = YES;
				CLANG_ENABLE_OBJC_WEAK = YES;
				CLANG_WARN_BLOCK_CAPTURE_AUTORELEASING = YES;
				CLANG_WARN_BOOL_CONVERSION = YES;
				CLANG_WARN_COMMA = YES;
				CLANG_WARN_CONSTANT_CONVERSION = YES;
				CLANG_WARN_DEPRECATED_OBJC_IMPLEMENTATIONS = YES;
				CLANG_WARN_DIRECT_OBJC_ISA_USAGE = YES_ERROR;
				CLANG_WARN_DOCUMENTATION_COMMENTS = YES;
				CLANG_WARN_EMPTY_BODY = YES;
				CLANG_WARN_ENUM_CONVERSION = YES;
				CLANG_WARN_INFINITE_RECURSION = YES;
				CLANG_WARN_INT_CONVERSION = YES;
				CLANG_WARN_NON_LITERAL_NULL_CONVERSION = YES;
				CLANG_WARN_OBJC_IMPLICIT_RETAIN_SELF = YES;
				CLANG_WARN_OBJC_LITERAL_CONVERSION = YES;
				CLANG_WARN_OBJC_ROOT_CLASS = YES_ERROR;
				CLANG_WARN_QUOTED_INCLUDE_IN_FRAMEWORK_HEADER = YES;
				CLANG_WARN_RANGE_LOOP_ANALYSIS = YES;
				CLANG_WARN_STRICT_PROTOTYPES = YES;
				CLANG_WARN_SUSPICIOUS_MOVE = YES;
				CLANG_WARN_UNGUARDED_AVAILABILITY = YES_AGGRESSIVE;
				CLANG_WARN_UNREACHABLE_CODE = YES;
				CLANG_WARN__DUPLICATE_METHOD_MATCH = YES;
				COPY_PHASE_STRIP = NO;
				DEBUG_INFORMATION_FORMAT = "dwarf-with-dsym";
				ENABLE_NS_ASSERTIONS = NO;
				ENABLE_STRICT_OBJC_MSGSEND = YES;
				GCC_C_LANGUAGE_STANDARD = gnu11;
				GCC_NO_COMMON_BLOCKS = YES;
				GCC_WARN_64_TO_32_BIT_CONVERSION = YES;
				GCC_WARN_ABOUT_RETURN_TYPE = YES_ERROR;
				GCC_WARN_UNDECLARED_SELECTOR = YES;
				GCC_WARN_UNINITIALIZED_AUTOS = YES_AGGRESSIVE;
				GCC_WARN_UNUSED_FUNCTION = YES;
				GCC_WARN_UNUSED_VARIABLE = YES;
				IPHONEOS_DEPLOYMENT_TARGET = 14.1;
				MTL_ENABLE_DEBUG_INFO = NO;
				MTL_FAST_MATH = YES;
				SDKROOT = iphoneos;
				SWIFT_COMPILATION_MODE = wholemodule;
				SWIFT_OPTIMIZATION_LEVEL = "-O";
				VALIDATE_PRODUCT = YES;
			};
			name = Release;
		};
		C6968AB825E1939B004D24D5 /* Debug */ = {
			isa = XCBuildConfiguration;
			baseConfigurationReference = 530FA6DBC461FF45F2A80B15 /* Pods-flix.debug.xcconfig */;
			buildSettings = {
				ASSETCATALOG_COMPILER_APPICON_NAME = AppIcon;
				ASSETCATALOG_COMPILER_GLOBAL_ACCENT_COLOR_NAME = AccentColor;
				CODE_SIGN_STYLE = Automatic;
				INFOPLIST_FILE = flix/Info.plist;
				IPHONEOS_DEPLOYMENT_TARGET = 13.1;
				LD_RUNPATH_SEARCH_PATHS = (
					"$(inherited)",
					"@executable_path/Frameworks",
				);
				PRODUCT_BUNDLE_IDENTIFIER = skartikey13.flix;
				PRODUCT_NAME = "$(TARGET_NAME)";
				SWIFT_VERSION = 5.0;
				TARGETED_DEVICE_FAMILY = "1,2";
			};
			name = Debug;
		};
		C6968AB925E1939B004D24D5 /* Release */ = {
			isa = XCBuildConfiguration;
			baseConfigurationReference = 33D01F01E195232578A538C8 /* Pods-flix.release.xcconfig */;
			buildSettings = {
				ASSETCATALOG_COMPILER_APPICON_NAME = AppIcon;
				ASSETCATALOG_COMPILER_GLOBAL_ACCENT_COLOR_NAME = AccentColor;
				CODE_SIGN_STYLE = Automatic;
				INFOPLIST_FILE = flix/Info.plist;
				IPHONEOS_DEPLOYMENT_TARGET = 13.1;
				LD_RUNPATH_SEARCH_PATHS = (
					"$(inherited)",
					"@executable_path/Frameworks",
				);
				PRODUCT_BUNDLE_IDENTIFIER = skartikey13.flix;
				PRODUCT_NAME = "$(TARGET_NAME)";
				SWIFT_VERSION = 5.0;
				TARGETED_DEVICE_FAMILY = "1,2";
			};
			name = Release;
		};
		C6968ABB25E1939B004D24D5 /* Debug */ = {
			isa = XCBuildConfiguration;
			baseConfigurationReference = 89B3B3F3B57B1C3DD6E79B83 /* Pods-flixTests.debug.xcconfig */;
			buildSettings = {
				ALWAYS_EMBED_SWIFT_STANDARD_LIBRARIES = YES;
				BUNDLE_LOADER = "$(TEST_HOST)";
				CODE_SIGN_STYLE = Automatic;
				INFOPLIST_FILE = flixTests/Info.plist;
				IPHONEOS_DEPLOYMENT_TARGET = 14.1;
				LD_RUNPATH_SEARCH_PATHS = (
					"$(inherited)",
					"@executable_path/Frameworks",
					"@loader_path/Frameworks",
				);
				PRODUCT_BUNDLE_IDENTIFIER = skartikey13.flixTests;
				PRODUCT_NAME = "$(TARGET_NAME)";
				SWIFT_VERSION = 5.0;
				TARGETED_DEVICE_FAMILY = "1,2";
				TEST_HOST = "$(BUILT_PRODUCTS_DIR)/flix.app/flix";
			};
			name = Debug;
		};
		C6968ABC25E1939B004D24D5 /* Release */ = {
			isa = XCBuildConfiguration;
			baseConfigurationReference = 559C481BFDA0F1B9B01A12FB /* Pods-flixTests.release.xcconfig */;
			buildSettings = {
				ALWAYS_EMBED_SWIFT_STANDARD_LIBRARIES = YES;
				BUNDLE_LOADER = "$(TEST_HOST)";
				CODE_SIGN_STYLE = Automatic;
				INFOPLIST_FILE = flixTests/Info.plist;
				IPHONEOS_DEPLOYMENT_TARGET = 14.1;
				LD_RUNPATH_SEARCH_PATHS = (
					"$(inherited)",
					"@executable_path/Frameworks",
					"@loader_path/Frameworks",
				);
				PRODUCT_BUNDLE_IDENTIFIER = skartikey13.flixTests;
				PRODUCT_NAME = "$(TARGET_NAME)";
				SWIFT_VERSION = 5.0;
				TARGETED_DEVICE_FAMILY = "1,2";
				TEST_HOST = "$(BUILT_PRODUCTS_DIR)/flix.app/flix";
			};
			name = Release;
		};
		C6968ABE25E1939B004D24D5 /* Debug */ = {
			isa = XCBuildConfiguration;
			baseConfigurationReference = 03CC976B931CE6D5BCDCAAA6 /* Pods-flix-flixUITests.debug.xcconfig */;
			buildSettings = {
				ALWAYS_EMBED_SWIFT_STANDARD_LIBRARIES = YES;
				CODE_SIGN_STYLE = Automatic;
				INFOPLIST_FILE = flixUITests/Info.plist;
				LD_RUNPATH_SEARCH_PATHS = (
					"$(inherited)",
					"@executable_path/Frameworks",
					"@loader_path/Frameworks",
				);
				PRODUCT_BUNDLE_IDENTIFIER = skartikey13.flixUITests;
				PRODUCT_NAME = "$(TARGET_NAME)";
				SWIFT_VERSION = 5.0;
				TARGETED_DEVICE_FAMILY = "1,2";
				TEST_TARGET_NAME = flix;
			};
			name = Debug;
		};
		C6968ABF25E1939B004D24D5 /* Release */ = {
			isa = XCBuildConfiguration;
			baseConfigurationReference = 12577B5F78F4ED71666BD963 /* Pods-flix-flixUITests.release.xcconfig */;
			buildSettings = {
				ALWAYS_EMBED_SWIFT_STANDARD_LIBRARIES = YES;
				CODE_SIGN_STYLE = Automatic;
				INFOPLIST_FILE = flixUITests/Info.plist;
				LD_RUNPATH_SEARCH_PATHS = (
					"$(inherited)",
					"@executable_path/Frameworks",
					"@loader_path/Frameworks",
				);
				PRODUCT_BUNDLE_IDENTIFIER = skartikey13.flixUITests;
				PRODUCT_NAME = "$(TARGET_NAME)";
				SWIFT_VERSION = 5.0;
				TARGETED_DEVICE_FAMILY = "1,2";
				TEST_TARGET_NAME = flix;
			};
			name = Release;
		};
/* End XCBuildConfiguration section */

/* Begin XCConfigurationList section */
		C6968A8825E19398004D24D5 /* Build configuration list for PBXProject "flix" */ = {
			isa = XCConfigurationList;
			buildConfigurations = (
				C6968AB525E1939B004D24D5 /* Debug */,
				C6968AB625E1939B004D24D5 /* Release */,
			);
			defaultConfigurationIsVisible = 0;
			defaultConfigurationName = Release;
		};
		C6968AB725E1939B004D24D5 /* Build configuration list for PBXNativeTarget "flix" */ = {
			isa = XCConfigurationList;
			buildConfigurations = (
				C6968AB825E1939B004D24D5 /* Debug */,
				C6968AB925E1939B004D24D5 /* Release */,
			);
			defaultConfigurationIsVisible = 0;
			defaultConfigurationName = Release;
		};
		C6968ABA25E1939B004D24D5 /* Build configuration list for PBXNativeTarget "flixTests" */ = {
			isa = XCConfigurationList;
			buildConfigurations = (
				C6968ABB25E1939B004D24D5 /* Debug */,
				C6968ABC25E1939B004D24D5 /* Release */,
			);
			defaultConfigurationIsVisible = 0;
			defaultConfigurationName = Release;
		};
		C6968ABD25E1939B004D24D5 /* Build configuration list for PBXNativeTarget "flixUITests" */ = {
			isa = XCConfigurationList;
			buildConfigurations = (
				C6968ABE25E1939B004D24D5 /* Debug */,
				C6968ABF25E1939B004D24D5 /* Release */,
			);
			defaultConfigurationIsVisible = 0;
			defaultConfigurationName = Release;
		};
/* End XCConfigurationList section */
	};
	rootObject = C6968A8525E19398004D24D5 /* Project object */;
}
